// !$*UTF8*$!
{
	archiveVersion = 1;
	classes = {
	};
	objectVersion = 50;
	objects = {

/* Begin PBXBuildFile section */
		A228422D2456365800E22DF2 /* AppDelegate.swift in Sources */ = {isa = PBXBuildFile; fileRef = A228422C2456365800E22DF2 /* AppDelegate.swift */; };
		A228422F2456365800E22DF2 /* SceneDelegate.swift in Sources */ = {isa = PBXBuildFile; fileRef = A228422E2456365800E22DF2 /* SceneDelegate.swift */; };
		A22842312456365800E22DF2 /* ViewController.swift in Sources */ = {isa = PBXBuildFile; fileRef = A22842302456365800E22DF2 /* ViewController.swift */; };
		A22842342456365800E22DF2 /* Main.storyboard in Resources */ = {isa = PBXBuildFile; fileRef = A22842322456365800E22DF2 /* Main.storyboard */; };
		A22842362456365D00E22DF2 /* Assets.xcassets in Resources */ = {isa = PBXBuildFile; fileRef = A22842352456365D00E22DF2 /* Assets.xcassets */; };
		A22842392456365D00E22DF2 /* LaunchScreen.storyboard in Resources */ = {isa = PBXBuildFile; fileRef = A22842372456365D00E22DF2 /* LaunchScreen.storyboard */; };
		A22842412456367B00E22DF2 /* Bird.mp4 in Resources */ = {isa = PBXBuildFile; fileRef = A22842402456367B00E22DF2 /* Bird.mp4 */; };
/* End PBXBuildFile section */

/* Begin PBXFileReference section */
		A22842292456365800E22DF2 /* VideoPlayer1.app */ = {isa = PBXFileReference; explicitFileType = wrapper.application; includeInIndex = 0; path = VideoPlayer1.app; sourceTree = BUILT_PRODUCTS_DIR; };
		A228422C2456365800E22DF2 /* AppDelegate.swift */ = {isa = PBXFileReference; lastKnownFileType = sourcecode.swift; path = AppDelegate.swift; sourceTree = "<group>"; };
		A228422E2456365800E22DF2 /* SceneDelegate.swift */ = {isa = PBXFileReference; lastKnownFileType = sourcecode.swift; path = SceneDelegate.swift; sourceTree = "<group>"; };
		A22842302456365800E22DF2 /* ViewController.swift */ = {isa = PBXFileReference; lastKnownFileType = sourcecode.swift; path = ViewController.swift; sourceTree = "<group>"; };
		A22842332456365800E22DF2 /* Base */ = {isa = PBXFileReference; lastKnownFileType = file.storyboard; name = Base; path = Base.lproj/Main.storyboard; sourceTree = "<group>"; };
		A22842352456365D00E22DF2 /* Assets.xcassets */ = {isa = PBXFileReference; lastKnownFileType = folder.assetcatalog; path = Assets.xcassets; sourceTree = "<group>"; };
		A22842382456365D00E22DF2 /* Base */ = {isa = PBXFileReference; lastKnownFileType = file.storyboard; name = Base; path = Base.lproj/LaunchScreen.storyboard; sourceTree = "<group>"; };
		A228423A2456365D00E22DF2 /* Info.plist */ = {isa = PBXFileReference; lastKnownFileType = text.plist.xml; path = Info.plist; sourceTree = "<group>"; };
		A22842402456367B00E22DF2 /* Bird.mp4 */ = {isa = PBXFileReference; lastKnownFileType = file; path = Bird.mp4; sourceTree = "<group>"; };
/* End PBXFileReference section */

/* Begin PBXFrameworksBuildPhase section */
		A22842262456365800E22DF2 /* Frameworks */ = {
			isa = PBXFrameworksBuildPhase;
			buildActionMask = 2147483647;
			files = (
			);
			runOnlyForDeploymentPostprocessing = 0;
		};
/* End PBXFrameworksBuildPhase section */

/* Begin PBXGroup section */
		A22842202456365800E22DF2 = {
			isa = PBXGroup;
			children = (
				A228422B2456365800E22DF2 /* VideoPlayer1 */,
				A228422A2456365800E22DF2 /* Products */,
			);
			sourceTree = "<group>";
		};
		A228422A2456365800E22DF2 /* Products */ = {
			isa = PBXGroup;
			children = (
				A22842292456365800E22DF2 /* VideoPlayer1.app */,
			);
			name = Products;
			sourceTree = "<group>";
		};
		A228422B2456365800E22DF2 /* VideoPlayer1 */ = {
			isa = PBXGroup;
			children = (
				A22842402456367B00E22DF2 /* Bird.mp4 */,
				A228422C2456365800E22DF2 /* AppDelegate.swift */,
				A228422E2456365800E22DF2 /* SceneDelegate.swift */,
				A22842302456365800E22DF2 /* ViewController.swift */,
				A22842322456365800E22DF2 /* Main.storyboard */,
				A22842352456365D00E22DF2 /* Assets.xcassets */,
				A22842372456365D00E22DF2 /* LaunchScreen.storyboard */,
				A228423A2456365D00E22DF2 /* Info.plist */,
			);
			path = VideoPlayer1;
			sourceTree = "<group>";
		};
/* End PBXGroup section */

/* Begin PBXNativeTarget section */
		A22842282456365800E22DF2 /* VideoPlayer1 */ = {
			isa = PBXNativeTarget;
			buildConfigurationList = A228423D2456365D00E22DF2 /* Build configuration list for PBXNativeTarget "VideoPlayer1" */;
			buildPhases = (
				A22842252456365800E22DF2 /* Sources */,
				A22842262456365800E22DF2 /* Frameworks */,
				A22842272456365800E22DF2 /* Resources */,
			);
			buildRules = (
			);
			dependencies = (
			);
			name = VideoPlayer1;
			productName = VideoPlayer1;
			productReference = A22842292456365800E22DF2 /* VideoPlayer1.app */;
			productType = "com.apple.product-type.application";
		};
/* End PBXNativeTarget section */

/* Begin PBXProject section */
		A22842212456365800E22DF2 /* Project object */ = {
			isa = PBXProject;
			attributes = {
				LastSwiftUpdateCheck = 1140;
				LastUpgradeCheck = 1140;
				ORGANIZATIONNAME = BMCC;
				TargetAttributes = {
					A22842282456365800E22DF2 = {
						CreatedOnToolsVersion = 11.4;
					};
				};
			};
			buildConfigurationList = A22842242456365800E22DF2 /* Build configuration list for PBXProject "VideoPlayer1" */;
			compatibilityVersion = "Xcode 9.3";
			developmentRegion = en;
			hasScannedForEncodings = 0;
			knownRegions = (
				en,
				Base,
			);
			mainGroup = A22842202456365800E22DF2;
			productRefGroup = A228422A2456365800E22DF2 /* Products */;
			projectDirPath = "";
			projectRoot = "";
			targets = (
				A22842282456365800E22DF2 /* VideoPlayer1 */,
			);
		};
/* End PBXProject section */

/* Begin PBXResourcesBuildPhase section */
		A22842272456365800E22DF2 /* Resources */ = {
			isa = PBXResourcesBuildPhase;
			buildActionMask = 2147483647;
			files = (
				A22842392456365D00E22DF2 /* LaunchScreen.storyboard in Resources */,
				A22842362456365D00E22DF2 /* Assets.xcassets in Resources */,
				A22842342456365800E22DF2 /* Main.storyboard in Resources */,
				A22842412456367B00E22DF2 /* Bird.mp4 in Resources */,
			);
			runOnlyForDeploymentPostprocessing = 0;
		};
/* End PBXResourcesBuildPhase section */

/* Begin PBXSourcesBuildPhase section */
		A22842252456365800E22DF2 /* Sources */ = {
			isa = PBXSourcesBuildPhase;
			buildActionMask = 2147483647;
			files = (
				A22842312456365800E22DF2 /* ViewController.swift in Sources */,
				A228422D2456365800E22DF2 /* AppDelegate.swift in Sources */,
				A228422F2456365800E22DF2 /* SceneDelegate.swift in Sources */,
			);
			runOnlyForDeploymentPostprocessing = 0;
		};
/* End PBXSourcesBuildPhase section */

/* Begin PBXVariantGroup section */
		A22842322456365800E22DF2 /* Main.storyboard */ = {
			isa = PBXVariantGroup;
			children = (
				A22842332456365800E22DF2 /* Base */,
			);
			name = Main.storyboard;
			sourceTree = "<group>";
		};
		A22842372456365D00E22DF2 /* LaunchScreen.storyboard */ = {
			isa = PBXVariantGroup;
			children = (
				A22842382456365D00E22DF2 /* Base */,
			);
			name = LaunchScreen.storyboard;
			sourceTree = "<group>";
		};
/* End PBXVariantGroup section */

/* Begin XCBuildConfiguration section */
		A228423B2456365D00E22DF2 /* Debug */ = {
			isa = XCBuildConfiguration;
			buildSettings = {
				ALWAYS_SEARCH_USER_PATHS = NO;
				CLANG_ANALYZER_NONNULL = YES;
				CLANG_ANALYZER_NUMBER_OBJECT_CONVERSION = YES_AGGRESSIVE;
				CLANG_CXX_LANGUAGE_STANDARD = "gnu++14";
				CLANG_CXX_LIBRARY = "libc++";
				CLANG_ENABLE_MODULES = YES;
				CLANG_ENABLE_OBJC_ARC = YES;
				CLANG_ENABLE_OBJC_WEAK = YES;
				CLANG_WARN_BLOCK_CAPTURE_AUTORELEASING = YES;
				CLANG_WARN_BOOL_CONVERSION = YES;
				CLANG_WARN_COMMA = YES;
				CLANG_WARN_CONSTANT_CONVERSION = YES;
				CLANG_WARN_DEPRECATED_OBJC_IMPLEMENTATIONS = YES;
				CLANG_WARN_DIRECT_OBJC_ISA_USAGE = YES_ERROR;
				CLANG_WARN_DOCUMENTATION_COMMENTS = YES;
				CLANG_WARN_EMPTY_BODY = YES;
				CLANG_WARN_ENUM_CONVERSION = YES;
				CLANG_WARN_INFINITE_RECURSION = YES;
				CLANG_WARN_INT_CONVERSION = YES;
				CLANG_WARN_NON_LITERAL_NULL_CONVERSION = YES;
				CLANG_WARN_OBJC_IMPLICIT_RETAIN_SELF = YES;
				CLANG_WARN_OBJC_LITERAL_CONVERSION = YES;
				CLANG_WARN_OBJC_ROOT_CLASS = YES_ERROR;
				CLANG_WARN_RANGE_LOOP_ANALYSIS = YES;
				CLANG_WARN_STRICT_PROTOTYPES = YES;
				CLANG_WARN_SUSPICIOUS_MOVE = YES;
				CLANG_WARN_UNGUARDED_AVAILABILITY = YES_AGGRESSIVE;
				CLANG_WARN_UNREACHABLE_CODE = YES;
				CLANG_WARN__DUPLICATE_METHOD_MATCH = YES;
				COPY_PHASE_STRIP = NO;
				DEBUG_INFORMATION_FORMAT = dwarf;
				ENABLE_STRICT_OBJC_MSGSEND = YES;
				ENABLE_TESTABILITY = YES;
				GCC_C_LANGUAGE_STANDARD = gnu11;
				GCC_DYNAMIC_NO_PIC = NO;
				GCC_NO_COMMON_BLOCKS = YES;
				GCC_OPTIMIZATION_LEVEL = 0;
				GCC_PREPROCESSOR_DEFINITIONS = (
					"DEBUG=1",
					"$(inherited)",
				);
				GCC_WARN_64_TO_32_BIT_CONVERSION = YES;
				GCC_WARN_ABOUT_RETURN_TYPE = YES_ERROR;
				GCC_WARN_UNDECLARED_SELECTOR = YES;
				GCC_WARN_UNINITIALIZED_AUTOS = YES_AGGRESSIVE;
				GCC_WARN_UNUSED_FUNCTION = YES;
				GCC_WARN_UNUSED_VARIABLE = YES;
				IPHONEOS_DEPLOYMENT_TARGET = 13.4;
				MTL_ENABLE_DEBUG_INFO = INCLUDE_SOURCE;
				MTL_FAST_MATH = YES;
				ONLY_ACTIVE_ARCH = YES;
				SDKROOT = iphoneos;
				SWIFT_ACTIVE_COMPILATION_CONDITIONS = DEBUG;
				SWIFT_OPTIMIZATION_LEVEL = "-Onone";
			};
			name = Debug;
		};
		A228423C2456365D00E22DF2 /* Release */ = {
			isa = XCBuildConfiguration;
			buildSettings = {
				ALWAYS_SEARCH_USER_PATHS = NO;
				CLANG_ANALYZER_NONNULL = YES;
				CLANG_ANALYZER_NUMBER_OBJECT_CONVERSION = YES_AGGRESSIVE;
				CLANG_CXX_LANGUAGE_STANDARD = "gnu++14";
				CLANG_CXX_LIBRARY = "libc++";
				CLANG_ENABLE_MODULES = YES;
				CLANG_ENABLE_OBJC_ARC = YES;
				CLANG_ENABLE_OBJC_WEAK = YES;
				CLANG_WARN_BLOCK_CAPTURE_AUTORELEASING = YES;
				CLANG_WARN_BOOL_CONVERSION = YES;
				CLANG_WARN_COMMA = YES;
				CLANG_WARN_CONSTANT_CONVERSION = YES;
				CLANG_WARN_DEPRECATED_OBJC_IMPLEMENTATIONS = YES;
				CLANG_WARN_DIRECT_OBJC_ISA_USAGE = YES_ERROR;
				CLANG_WARN_DOCUMENTATION_COMMENTS = YES;
				CLANG_WARN_EMPTY_BODY = YES;
				CLANG_WARN_ENUM_CONVERSION = YES;
				CLANG_WARN_INFINITE_RECURSION = YES;
				CLANG_WARN_INT_CONVERSION = YES;
				CLANG_WARN_NON_LITERAL_NULL_CONVERSION = YES;
				CLANG_WARN_OBJC_IMPLICIT_RETAIN_SELF = YES;
				CLANG_WARN_OBJC_LITERAL_CONVERSION = YES;
				CLANG_WARN_OBJC_ROOT_CLASS = YES_ERROR;
				CLANG_WARN_RANGE_LOOP_ANALYSIS = YES;
				CLANG_WARN_STRICT_PROTOTYPES = YES;
				CLANG_WARN_SUSPICIOUS_MOVE = YES;
				CLANG_WARN_UNGUARDED_AVAILABILITY = YES_AGGRESSIVE;
				CLANG_WARN_UNREACHABLE_CODE = YES;
				CLANG_WARN__DUPLICATE_METHOD_MATCH = YES;
				COPY_PHASE_STRIP = NO;
				DEBUG_INFORMATION_FORMAT = "dwarf-with-dsym";
				ENABLE_NS_ASSERTIONS = NO;
				ENABLE_STRICT_OBJC_MSGSEND = YES;
				GCC_C_LANGUAGE_STANDARD = gnu11;
				GCC_NO_COMMON_BLOCKS = YES;
				GCC_WARN_64_TO_32_BIT_CONVERSION = YES;
				GCC_WARN_ABOUT_RETURN_TYPE = YES_ERROR;
				GCC_WARN_UNDECLARED_SELECTOR = YES;
				GCC_WARN_UNINITIALIZED_AUTOS = YES_AGGRESSIVE;
				GCC_WARN_UNUSED_FUNCTION = YES;
				GCC_WARN_UNUSED_VARIABLE = YES;
				IPHONEOS_DEPLOYMENT_TARGET = 13.4;
				MTL_ENABLE_DEBUG_INFO = NO;
				MTL_FAST_MATH = YES;
				SDKROOT = iphoneos;
				SWIFT_COMPILATION_MODE = wholemodule;
				SWIFT_OPTIMIZATION_LEVEL = "-O";
				VALIDATE_PRODUCT = YES;
			};
			name = Release;
		};
		A228423E2456365D00E22DF2 /* Debug */ = {
			isa = XCBuildConfiguration;
			buildSettings = {
				ASSETCATALOG_COMPILER_APPICON_NAME = AppIcon;
				CODE_SIGN_STYLE = Automatic;
				INFOPLIST_FILE = VideoPlayer1/Info.plist;
				LD_RUNPATH_SEARCH_PATHS = (
					"$(inherited)",
					"@executable_path/Frameworks",
				);
				PRODUCT_BUNDLE_IDENTIFIER = edu.bmcc.VideoPlayer1;
				PRODUCT_NAME = "$(TARGET_NAME)";
				SWIFT_VERSION = 5.0;
				TARGETED_DEVICE_FAMILY = "1,2";
			};
			name = Debug;
		};
		A228423F2456365D00E22DF2 /* Release */ = {
			isa = XCBuildConfiguration;
			buildSettings = {
				ASSETCATALOG_COMPILER_APPICON_NAME = AppIcon;
				CODE_SIGN_STYLE = Automatic;
				INFOPLIST_FILE = VideoPlayer1/Info.plist;
				LD_RUNPATH_SEARCH_PATHS = (
					"$(inherited)",
					"@executable_path/Frameworks",
				);
				PRODUCT_BUNDLE_IDENTIFIER = edu.bmcc.VideoPlayer1;
				PRODUCT_NAME = "$(TARGET_NAME)";
				SWIFT_VERSION = 5.0;
				TARGETED_DEVICE_FAMILY = "1,2";
			};
			name = Release;
		};
/* End XCBuildConfiguration section */

/* Begin XCConfigurationList section */
		A22842242456365800E22DF2 /* Build configuration list for PBXProject "VideoPlayer1" */ = {
			isa = XCConfigurationList;
			buildConfigurations = (
				A228423B2456365D00E22DF2 /* Debug */,
				A228423C2456365D00E22DF2 /* Release */,
			);
			defaultConfigurationIsVisible = 0;
			defaultConfigurationName = Release;
		};
		A228423D2456365D00E22DF2 /* Build configuration list for PBXNativeTarget "VideoPlayer1" */ = {
			isa = XCConfigurationList;
			buildConfigurations = (
				A228423E2456365D00E22DF2 /* Debug */,
				A228423F2456365D00E22DF2 /* Release */,
			);
			defaultConfigurationIsVisible = 0;
			defaultConfigurationName = Release;
		};
/* End XCConfigurationList section */
	};
	rootObject = A22842212456365800E22DF2 /* Project object */;
}
